
Microsoft Visual Studio Solution File, Format Version 12.00
# Visual Studio 15
VisualStudioVersion = 15.0.28307.1738
MinimumVisualStudioVersion = 10.0.40219.1
Project("{FAE04EC0-301F-11D3-BF4B-00C04F79EFBC}") = "WebApplication1", "WebApplication1\WebApplication1.csproj", "{D2641AD7-1601-4996-9212-40E36F1B82F0}"
EndProject
Global
	GlobalSection(SolutionConfigurationPlatforms) = preSolution
		Debug|Any CPU = Debug|Any CPU
		Release|Any CPU = Release|Any CPU
	EndGlobalSection
	GlobalSection(ProjectConfigurationPlatforms) = postSolution
		{D2641AD7-1601-4996-9212-40E36F1B82F0}.Debug|Any CPU.ActiveCfg = Debug|Any CPU
		{D2641AD7-1601-4996-9212-40E36F1B82F0}.Debug|Any CPU.Build.0 = Debug|Any CPU
		{D2641AD7-1601-4996-9212-40E36F1B82F0}.Release|Any CPU.ActiveCfg = Release|Any CPU
		{D2641AD7-1601-4996-9212-40E36F1B82F0}.Release|Any CPU.Build.0 = Release|Any CPU
	EndGlobalSection
	GlobalSection(SolutionProperties) = preSolution
		HideSolutionNode = FALSE
	EndGlobalSection
	GlobalSection(ExtensibilityGlobals) = postSolution
		SolutionGuid = {E3AAEA66-5E33-4168-A06D-FF7DF3A072C1}
	EndGlobalSection
EndGlobal
